
Microsoft Visual Studio Solution File, Format Version 12.00
# Visual Studio 15
VisualStudioVersion = 15.0.28307.421
MinimumVisualStudioVersion = 10.0.40219.1
Project("{9A19103F-16F7-4668-BE54-9A1E7A4F7556}") = "AkkaTests", "Akka\AkkaTests.csproj", "{59A18B35-9029-41E1-9BA9-714011ECFC76}"
EndProject
Project("{2150E333-8FDC-42A3-9474-1A3956D46DE8}") = "src", "src", "{6731E0F2-445C-401D-A954-E73C3B975063}"
EndProject
Project("{FAE04EC0-301F-11D3-BF4B-00C04F79EFBC}") = "WinTail", "..\src\Unit-1\DoThis\WinTail.csproj", "{E8D9CD24-DBF5-4524-AC3D-B7B2995FBA1F}"
EndProject
Project("{FAE04EC0-301F-11D3-BF4B-00C04F79EFBC}") = "ChartApp", "..\src\Unit-2\DoThis\ChartApp.csproj", "{0868BCA7-9A52-4DFC-956E-AC048862C828}"
EndProject
Project("{FAE04EC0-301F-11D3-BF4B-00C04F79EFBC}") = "GithubActors", "..\src\Unit-3\DoThis\GithubActors.csproj", "{93D0C836-98C9-45D1-B269-81220060DBB4}"
EndProject
Project("{9A19103F-16F7-4668-BE54-9A1E7A4F7556}") = "Samples.Cluster.Simple", "Samples.Cluster.Simple\Samples.Cluster.Simple.csproj", "{DA9FF52D-442E-4D27-A370-6F254EEABCFC}"
EndProject
Project("{2150E333-8FDC-42A3-9474-1A3956D46DE8}") = "ClusterTools", "ClusterTools", "{1E1D4566-70DE-435F-8021-41E885F0910F}"
EndProject
Project("{FAE04EC0-301F-11D3-BF4B-00C04F79EFBC}") = "ClusterToolsExample.Node", "ClusterTools\ClusterToolsExample.Node\ClusterToolsExample.Node.csproj", "{337A85B5-4A7C-4883-8634-46E7E52A765F}"
EndProject
Project("{FAE04EC0-301F-11D3-BF4B-00C04F79EFBC}") = "ClusterToolsExample.Seed", "ClusterTools\ClusterToolsExample.Seed\ClusterToolsExample.Seed.csproj", "{ED00E6F4-2B5C-4F16-ADE4-45E4A73C17B8}"
EndProject
Project("{FAE04EC0-301F-11D3-BF4B-00C04F79EFBC}") = "ClusterToolsExample.Shared", "ClusterTools\ClusterToolsExample.Shared\ClusterToolsExample.Shared.csproj", "{88D7D845-2F50-4D37-9026-B0A8353D0E8D}"
EndProject
Project("{FAE04EC0-301F-11D3-BF4B-00C04F79EFBC}") = "Seed", "Seed\Seed.csproj", "{38437566-CA02-44A6-9333-BBA0379B7D56}"
EndProject
Project("{FAE04EC0-301F-11D3-BF4B-00C04F79EFBC}") = "Node", "Node\Node.csproj", "{820C9843-40D9-4384-AAEC-AB4D1491FDFA}"
EndProject
Project("{FAE04EC0-301F-11D3-BF4B-00C04F79EFBC}") = "Shared", "Shared\Shared.csproj", "{72C8530D-0ADD-475E-ABA1-187BDD6979EC}"
EndProject
Global
	GlobalSection(SolutionConfigurationPlatforms) = preSolution
		Debug|Any CPU = Debug|Any CPU
		Release|Any CPU = Release|Any CPU
	EndGlobalSection
	GlobalSection(ProjectConfigurationPlatforms) = postSolution
		{59A18B35-9029-41E1-9BA9-714011ECFC76}.Debug|Any CPU.ActiveCfg = Debug|Any CPU
		{59A18B35-9029-41E1-9BA9-714011ECFC76}.Debug|Any CPU.Build.0 = Debug|Any CPU
		{59A18B35-9029-41E1-9BA9-714011ECFC76}.Release|Any CPU.ActiveCfg = Release|Any CPU
		{59A18B35-9029-41E1-9BA9-714011ECFC76}.Release|Any CPU.Build.0 = Release|Any CPU
		{E8D9CD24-DBF5-4524-AC3D-B7B2995FBA1F}.Debug|Any CPU.ActiveCfg = Debug|Any CPU
		{E8D9CD24-DBF5-4524-AC3D-B7B2995FBA1F}.Debug|Any CPU.Build.0 = Debug|Any CPU
		{E8D9CD24-DBF5-4524-AC3D-B7B2995FBA1F}.Release|Any CPU.ActiveCfg = Release|Any CPU
		{E8D9CD24-DBF5-4524-AC3D-B7B2995FBA1F}.Release|Any CPU.Build.0 = Release|Any CPU
		{0868BCA7-9A52-4DFC-956E-AC048862C828}.Debug|Any CPU.ActiveCfg = Debug|Any CPU
		{0868BCA7-9A52-4DFC-956E-AC048862C828}.Debug|Any CPU.Build.0 = Debug|Any CPU
		{0868BCA7-9A52-4DFC-956E-AC048862C828}.Release|Any CPU.ActiveCfg = Release|Any CPU
		{0868BCA7-9A52-4DFC-956E-AC048862C828}.Release|Any CPU.Build.0 = Release|Any CPU
		{93D0C836-98C9-45D1-B269-81220060DBB4}.Debug|Any CPU.ActiveCfg = Debug|Any CPU
		{93D0C836-98C9-45D1-B269-81220060DBB4}.Debug|Any CPU.Build.0 = Debug|Any CPU
		{93D0C836-98C9-45D1-B269-81220060DBB4}.Release|Any CPU.ActiveCfg = Release|Any CPU
		{93D0C836-98C9-45D1-B269-81220060DBB4}.Release|Any CPU.Build.0 = Release|Any CPU
		{DA9FF52D-442E-4D27-A370-6F254EEABCFC}.Debug|Any CPU.ActiveCfg = Debug|Any CPU
		{DA9FF52D-442E-4D27-A370-6F254EEABCFC}.Debug|Any CPU.Build.0 = Debug|Any CPU
		{DA9FF52D-442E-4D27-A370-6F254EEABCFC}.Release|Any CPU.ActiveCfg = Release|Any CPU
		{DA9FF52D-442E-4D27-A370-6F254EEABCFC}.Release|Any CPU.Build.0 = Release|Any CPU
		{337A85B5-4A7C-4883-8634-46E7E52A765F}.Debug|Any CPU.ActiveCfg = Debug|Any CPU
		{337A85B5-4A7C-4883-8634-46E7E52A765F}.Debug|Any CPU.Build.0 = Debug|Any CPU
		{337A85B5-4A7C-4883-8634-46E7E52A765F}.Release|Any CPU.ActiveCfg = Release|Any CPU
		{337A85B5-4A7C-4883-8634-46E7E52A765F}.Release|Any CPU.Build.0 = Release|Any CPU
		{ED00E6F4-2B5C-4F16-ADE4-45E4A73C17B8}.Debug|Any CPU.ActiveCfg = Debug|Any CPU
		{ED00E6F4-2B5C-4F16-ADE4-45E4A73C17B8}.Debug|Any CPU.Build.0 = Debug|Any CPU
		{ED00E6F4-2B5C-4F16-ADE4-45E4A73C17B8}.Release|Any CPU.ActiveCfg = Release|Any CPU
		{ED00E6F4-2B5C-4F16-ADE4-45E4A73C17B8}.Release|Any CPU.Build.0 = Release|Any CPU
		{88D7D845-2F50-4D37-9026-B0A8353D0E8D}.Debug|Any CPU.ActiveCfg = Debug|Any CPU
		{88D7D845-2F50-4D37-9026-B0A8353D0E8D}.Debug|Any CPU.Build.0 = Debug|Any CPU
		{88D7D845-2F50-4D37-9026-B0A8353D0E8D}.Release|Any CPU.ActiveCfg = Release|Any CPU
		{88D7D845-2F50-4D37-9026-B0A8353D0E8D}.Release|Any CPU.Build.0 = Release|Any CPU
		{38437566-CA02-44A6-9333-BBA0379B7D56}.Debug|Any CPU.ActiveCfg = Debug|Any CPU
		{38437566-CA02-44A6-9333-BBA0379B7D56}.Debug|Any CPU.Build.0 = Debug|Any CPU
		{38437566-CA02-44A6-9333-BBA0379B7D56}.Release|Any CPU.ActiveCfg = Release|Any CPU
		{38437566-CA02-44A6-9333-BBA0379B7D56}.Release|Any CPU.Build.0 = Release|Any CPU
		{820C9843-40D9-4384-AAEC-AB4D1491FDFA}.Debug|Any CPU.ActiveCfg = Debug|Any CPU
		{820C9843-40D9-4384-AAEC-AB4D1491FDFA}.Debug|Any CPU.Build.0 = Debug|Any CPU
		{820C9843-40D9-4384-AAEC-AB4D1491FDFA}.Release|Any CPU.ActiveCfg = Release|Any CPU
		{820C9843-40D9-4384-AAEC-AB4D1491FDFA}.Release|Any CPU.Build.0 = Release|Any CPU
		{72C8530D-0ADD-475E-ABA1-187BDD6979EC}.Debug|Any CPU.ActiveCfg = Debug|Any CPU
		{72C8530D-0ADD-475E-ABA1-187BDD6979EC}.Debug|Any CPU.Build.0 = Debug|Any CPU
		{72C8530D-0ADD-475E-ABA1-187BDD6979EC}.Release|Any CPU.ActiveCfg = Release|Any CPU
		{72C8530D-0ADD-475E-ABA1-187BDD6979EC}.Release|Any CPU.Build.0 = Release|Any CPU
	EndGlobalSection
	GlobalSection(SolutionProperties) = preSolution
		HideSolutionNode = FALSE
	EndGlobalSection
	GlobalSection(NestedProjects) = preSolution
		{E8D9CD24-DBF5-4524-AC3D-B7B2995FBA1F} = {6731E0F2-445C-401D-A954-E73C3B975063}
		{0868BCA7-9A52-4DFC-956E-AC048862C828} = {6731E0F2-445C-401D-A954-E73C3B975063}
		{93D0C836-98C9-45D1-B269-81220060DBB4} = {6731E0F2-445C-401D-A954-E73C3B975063}
		{DA9FF52D-442E-4D27-A370-6F254EEABCFC} = {6731E0F2-445C-401D-A954-E73C3B975063}
		{337A85B5-4A7C-4883-8634-46E7E52A765F} = {1E1D4566-70DE-435F-8021-41E885F0910F}
		{ED00E6F4-2B5C-4F16-ADE4-45E4A73C17B8} = {1E1D4566-70DE-435F-8021-41E885F0910F}
		{88D7D845-2F50-4D37-9026-B0A8353D0E8D} = {1E1D4566-70DE-435F-8021-41E885F0910F}
	EndGlobalSection
	GlobalSection(ExtensibilityGlobals) = postSolution
		SolutionGuid = {8AB87F19-047E-4485-9583-041C790F5E0D}
	EndGlobalSection
EndGlobal
